
Microsoft Visual Studio Solution File, Format Version 12.00
# Visual Studio Version 17
VisualStudioVersion = 17.0.31919.166
MinimumVisualStudioVersion = 10.0.40219.1
Project("{8BC9CEB8-8B4A-11D0-8D11-00A0C91BC942}") = "Pong_game", "Pong_game\Pong_game.vcxproj", "{F9F2ECDB-250D-4738-A02E-093FA089B8B7}"
EndProject
Global
	GlobalSection(SolutionConfigurationPlatforms) = preSolution
		Debug|x64 = Debug|x64
		Debug|x86 = Debug|x86
		Release|x64 = Release|x64
		Release|x86 = Release|x86
	EndGlobalSection
	GlobalSection(ProjectConfigurationPlatforms) = postSolution
		{F9F2ECDB-250D-4738-A02E-093FA089B8B7}.Debug|x64.ActiveCfg = Debug|x64
		{F9F2ECDB-250D-4738-A02E-093FA089B8B7}.Debug|x64.Build.0 = Debug|x64
		{F9F2ECDB-250D-4738-A02E-093FA089B8B7}.Debug|x86.ActiveCfg = Debug|Win32
		{F9F2ECDB-250D-4738-A02E-093FA089B8B7}.Debug|x86.Build.0 = Debug|Win32
		{F9F2ECDB-250D-4738-A02E-093FA089B8B7}.Release|x64.ActiveCfg = Release|x64
		{F9F2ECDB-250D-4738-A02E-093FA089B8B7}.Release|x64.Build.0 = Release|x64
		{F9F2ECDB-250D-4738-A02E-093FA089B8B7}.Release|x86.ActiveCfg = Release|Win32
		{F9F2ECDB-250D-4738-A02E-093FA089B8B7}.Release|x86.Build.0 = Release|Win32
	EndGlobalSection
	GlobalSection(SolutionProperties) = preSolution
		HideSolutionNode = FALSE
	EndGlobalSection
	GlobalSection(ExtensibilityGlobals) = postSolution
		SolutionGuid = {5FEFB2CE-0E52-4155-8B2A-35E79941F6A6}
	EndGlobalSection
EndGlobal
